
Microsoft Visual Studio Solution File, Format Version 12.00
# Visual Studio Version 17
VisualStudioVersion = 17.4.33122.133
MinimumVisualStudioVersion = 10.0.40219.1
Project("{9A19103F-16F7-4668-BE54-9A1E7A4F7556}") = "WebSite", "WebSite\WebSite.csproj", "{4DC5F4DF-A29A-450F-AFC2-1092F3BE5DFF}"
EndProject
Global
	GlobalSection(SolutionConfigurationPlatforms) = preSolution
		Debug|Any CPU = Debug|Any CPU
		Release|Any CPU = Release|Any CPU
	EndGlobalSection
	GlobalSection(ProjectConfigurationPlatforms) = postSolution
		{4DC5F4DF-A29A-450F-AFC2-1092F3BE5DFF}.Debug|Any CPU.ActiveCfg = Debug|Any CPU
		{4DC5F4DF-A29A-450F-AFC2-1092F3BE5DFF}.Debug|Any CPU.Build.0 = Debug|Any CPU
		{4DC5F4DF-A29A-450F-AFC2-1092F3BE5DFF}.Release|Any CPU.ActiveCfg = Release|Any CPU
		{4DC5F4DF-A29A-450F-AFC2-1092F3BE5DFF}.Release|Any CPU.Build.0 = Release|Any CPU
	EndGlobalSection
	GlobalSection(SolutionProperties) = preSolution
		HideSolutionNode = FALSE
	EndGlobalSection
	GlobalSection(ExtensibilityGlobals) = postSolution
		SolutionGuid = {ABB15CBC-7A0F-4D0C-9103-A7CE161D1EB9}
	EndGlobalSection
EndGlobal
